// !$*UTF8*$!
{
	archiveVersion = 1;
	classes = {
	};
	objectVersion = 56;
	objects = {

/* Begin PBXBuildFile section */
		910A2D682C7956DD00C3EACA /* MyDetailsViewModel.swift in Sources */ = {isa = PBXBuildFile; fileRef = 910A2D672C7956DD00C3EACA /* MyDetailsViewModel.swift */; };
		910A2D6A2C79583900C3EACA /* MyDetailsView.swift in Sources */ = {isa = PBXBuildFile; fileRef = 910A2D692C79583900C3EACA /* MyDetailsView.swift */; };
		910A2D6C2C795AF700C3EACA /* ChangePasswordView.swift in Sources */ = {isa = PBXBuildFile; fileRef = 910A2D6B2C795AF700C3EACA /* ChangePasswordView.swift */; };
		910A2D6E2C7D0DF000C3EACA /* ForgotPasswordViewModel.swift in Sources */ = {isa = PBXBuildFile; fileRef = 910A2D6D2C7D0DF000C3EACA /* ForgotPasswordViewModel.swift */; };
		910A2D702C7D0F2000C3EACA /* ForgotPasswordView.swift in Sources */ = {isa = PBXBuildFile; fileRef = 910A2D6F2C7D0F2000C3EACA /* ForgotPasswordView.swift */; };
		910A2D722C7D0FC600C3EACA /* ForgotPasswordSetView.swift in Sources */ = {isa = PBXBuildFile; fileRef = 910A2D712C7D0FC600C3EACA /* ForgotPasswordSetView.swift */; };
		910A2D742C7D0FDE00C3EACA /* OTPView.swift in Sources */ = {isa = PBXBuildFile; fileRef = 910A2D732C7D0FDE00C3EACA /* OTPView.swift */; };
		910A2D782C7D38D500C3EACA /* OTPScreenView.swift in Sources */ = {isa = PBXBuildFile; fileRef = 910A2D772C7D38D500C3EACA /* OTPScreenView.swift */; };
		910A2D7A2C7D871F00C3EACA /* WriteReviewView.swift in Sources */ = {isa = PBXBuildFile; fileRef = 910A2D792C7D871F00C3EACA /* WriteReviewView.swift */; };
		914685C52C21C155003755C2 /* Online_GroceriesApp.swift in Sources */ = {isa = PBXBuildFile; fileRef = 914685C42C21C155003755C2 /* Online_GroceriesApp.swift */; };
		914685CC2C21C157003755C2 /* Preview Assets.xcassets in Resources */ = {isa = PBXBuildFile; fileRef = 914685CB2C21C157003755C2 /* Preview Assets.xcassets */; };
		914685D62C21C157003755C2 /* Online_GroceriesTests.swift in Sources */ = {isa = PBXBuildFile; fileRef = 914685D52C21C157003755C2 /* Online_GroceriesTests.swift */; };
		914685E02C21C158003755C2 /* Online_GroceriesUITests.swift in Sources */ = {isa = PBXBuildFile; fileRef = 914685DF2C21C158003755C2 /* Online_GroceriesUITests.swift */; };
		914685E22C21C158003755C2 /* Online_GroceriesUITestsLaunchTests.swift in Sources */ = {isa = PBXBuildFile; fileRef = 914685E12C21C158003755C2 /* Online_GroceriesUITestsLaunchTests.swift */; };
		914685F22C21C402003755C2 /* Gilroy-SemiBold.ttf in Resources */ = {isa = PBXBuildFile; fileRef = 914685EF2C21C402003755C2 /* Gilroy-SemiBold.ttf */; };
		914685F32C21C402003755C2 /* Gilroy-Bold.ttf in Resources */ = {isa = PBXBuildFile; fileRef = 914685F02C21C402003755C2 /* Gilroy-Bold.ttf */; };
		914685F42C21C402003755C2 /* Gilroy-Regular.ttf in Resources */ = {isa = PBXBuildFile; fileRef = 914685F12C21C402003755C2 /* Gilroy-Regular.ttf */; };
		914685F62C21C440003755C2 /* Gilroy-Medium.ttf in Resources */ = {isa = PBXBuildFile; fileRef = 914685F52C21C440003755C2 /* Gilroy-Medium.ttf */; };
		914685FE2C21CAC6003755C2 /* WelcomeView.swift in Sources */ = {isa = PBXBuildFile; fileRef = 914685FD2C21CAC6003755C2 /* WelcomeView.swift */; };
		914686002C21CAF3003755C2 /* Launch Screen.storyboard in Resources */ = {isa = PBXBuildFile; fileRef = 914685FF2C21CAF3003755C2 /* Launch Screen.storyboard */; };
		914686022C21CCD6003755C2 /* UIExtension.swift in Sources */ = {isa = PBXBuildFile; fileRef = 914686012C21CCD6003755C2 /* UIExtension.swift */; };
		914686042C21D752003755C2 /* RoundedButton.swift in Sources */ = {isa = PBXBuildFile; fileRef = 914686032C21D752003755C2 /* RoundedButton.swift */; };
		914686062C22A41E003755C2 /* SigninView.swift in Sources */ = {isa = PBXBuildFile; fileRef = 914686052C22A41E003755C2 /* SigninView.swift */; };
		914686092C22B6E2003755C2 /* CountryPicker in Frameworks */ = {isa = PBXBuildFile; productRef = 914686082C22B6E2003755C2 /* CountryPicker */; };
		9146860B2C22B70C003755C2 /* CountryPicker.swift in Sources */ = {isa = PBXBuildFile; fileRef = 9146860A2C22B70C003755C2 /* CountryPicker.swift */; };
		9146860F2C22BF7F003755C2 /* LoginView.swift in Sources */ = {isa = PBXBuildFile; fileRef = 9146860E2C22BF7F003755C2 /* LoginView.swift */; };
		914686112C22D349003755C2 /* MainViewModel.swift in Sources */ = {isa = PBXBuildFile; fileRef = 914686102C22D349003755C2 /* MainViewModel.swift */; };
		914686132C22D493003755C2 /* LineTextField.swift in Sources */ = {isa = PBXBuildFile; fileRef = 914686122C22D493003755C2 /* LineTextField.swift */; };
		914686152C22EE8C003755C2 /* ServiceCall.swift in Sources */ = {isa = PBXBuildFile; fileRef = 914686142C22EE8C003755C2 /* ServiceCall.swift */; };
		914686172C22FCF8003755C2 /* Globs.swift in Sources */ = {isa = PBXBuildFile; fileRef = 914686162C22FCF8003755C2 /* Globs.swift */; };
		91519A1C2C4EA66800F8227B /* UIExtensions.swift in Sources */ = {isa = PBXBuildFile; fileRef = 91519A1B2C4EA66800F8227B /* UIExtensions.swift */; };
		91519A1E2C4EAF2A00F8227B /* SignupView.swift in Sources */ = {isa = PBXBuildFile; fileRef = 91519A1D2C4EAF2A00F8227B /* SignupView.swift */; };
		91519A202C4FD2F400F8227B /* UserModel.swift in Sources */ = {isa = PBXBuildFile; fileRef = 91519A1F2C4FD2F400F8227B /* UserModel.swift */; };
		91519A232C4FE6AC00F8227B /* MainTabView.swift in Sources */ = {isa = PBXBuildFile; fileRef = 91519A222C4FE6AC00F8227B /* MainTabView.swift */; };
		91519A252C4FF9F700F8227B /* HomeViewModel.swift in Sources */ = {isa = PBXBuildFile; fileRef = 91519A242C4FF9F700F8227B /* HomeViewModel.swift */; };
		91519A282C4FFB2700F8227B /* HomeView.swift in Sources */ = {isa = PBXBuildFile; fileRef = 91519A272C4FFB2700F8227B /* HomeView.swift */; };
		91519A2B2C4FFBC000F8227B /* ExploreView.swift in Sources */ = {isa = PBXBuildFile; fileRef = 91519A2A2C4FFBC000F8227B /* ExploreView.swift */; };
		91519A2D2C50E73F00F8227B /* TabButton.swift in Sources */ = {isa = PBXBuildFile; fileRef = 91519A2C2C50E73F00F8227B /* TabButton.swift */; };
		91519A2F2C50F5FD00F8227B /* SearchTextField.swift in Sources */ = {isa = PBXBuildFile; fileRef = 91519A2E2C50F5FD00F8227B /* SearchTextField.swift */; };
		91519A332C510A0A00F8227B /* ImageSliderViews.swift in Sources */ = {isa = PBXBuildFile; fileRef = 91519A322C510A0A00F8227B /* ImageSliderViews.swift */; };
		91519A352C51320400F8227B /* SectionTitleView.swift in Sources */ = {isa = PBXBuildFile; fileRef = 91519A342C51320400F8227B /* SectionTitleView.swift */; };
		91519A372C5137AD00F8227B /* ProductCellView.swift in Sources */ = {isa = PBXBuildFile; fileRef = 91519A362C5137AD00F8227B /* ProductCellView.swift */; };
		91519A392C5155BC00F8227B /* CategoryCellView.swift in Sources */ = {isa = PBXBuildFile; fileRef = 91519A382C5155BB00F8227B /* CategoryCellView.swift */; };
		91519A3B2C51648E00F8227B /* ProductModel.swift in Sources */ = {isa = PBXBuildFile; fileRef = 91519A3A2C51648E00F8227B /* ProductModel.swift */; };
		91519A3D2C517ADF00F8227B /* TypeModel.swift in Sources */ = {isa = PBXBuildFile; fileRef = 91519A3C2C517ADF00F8227B /* TypeModel.swift */; };
		91519A412C51898900F8227B /* SDWebImageSwiftUI in Frameworks */ = {isa = PBXBuildFile; productRef = 91519A402C51898900F8227B /* SDWebImageSwiftUI */; };
		91519A432C591DD700F8227B /* ProductDetailView.swift in Sources */ = {isa = PBXBuildFile; fileRef = 91519A422C591DD700F8227B /* ProductDetailView.swift */; };
		91519A452C591EE400F8227B /* ProductDetailViewModel.swift in Sources */ = {isa = PBXBuildFile; fileRef = 91519A442C591EE400F8227B /* ProductDetailViewModel.swift */; };
		91519A472C59201D00F8227B /* NutritionModel.swift in Sources */ = {isa = PBXBuildFile; fileRef = 91519A462C59201D00F8227B /* NutritionModel.swift */; };
		91519A492C59213000F8227B /* ImageModel.swift in Sources */ = {isa = PBXBuildFile; fileRef = 91519A482C59213000F8227B /* ImageModel.swift */; };
		91519A4B2C5A8F8600F8227B /* TermsofServiceView.swift in Sources */ = {isa = PBXBuildFile; fileRef = 91519A4A2C5A8F8600F8227B /* TermsofServiceView.swift */; };
		91519A4D2C5A8FAA00F8227B /* PrivacyPolicyView.swift in Sources */ = {isa = PBXBuildFile; fileRef = 91519A4C2C5A8FAA00F8227B /* PrivacyPolicyView.swift */; };
		91519A4F2C5AB02200F8227B /* MonthYearView.swift in Sources */ = {isa = PBXBuildFile; fileRef = 91519A4E2C5AB02200F8227B /* MonthYearView.swift */; };
		91519A522C5D2D9A00F8227B /* MyCartView.swift in Sources */ = {isa = PBXBuildFile; fileRef = 91519A512C5D2D9A00F8227B /* MyCartView.swift */; };
		91519A562C5D2DBF00F8227B /* AccountView.swift in Sources */ = {isa = PBXBuildFile; fileRef = 91519A552C5D2DBF00F8227B /* AccountView.swift */; };
		91519A582C5D2DD000F8227B /* FavouriteView.swift in Sources */ = {isa = PBXBuildFile; fileRef = 91519A572C5D2DD000F8227B /* FavouriteView.swift */; };
		91519A5A2C5E6CB200F8227B /* FavouriteViewModel.swift in Sources */ = {isa = PBXBuildFile; fileRef = 91519A592C5E6CB200F8227B /* FavouriteViewModel.swift */; };
		91519A5C2C5E704400F8227B /* FavouriteRowView.swift in Sources */ = {isa = PBXBuildFile; fileRef = 91519A5B2C5E704400F8227B /* FavouriteRowView.swift */; };
		91519A602C5E813D00F8227B /* MarqueeTextView.swift in Sources */ = {isa = PBXBuildFile; fileRef = 91519A5F2C5E813D00F8227B /* MarqueeTextView.swift */; };
		91519A622C5ECDF900F8227B /* ExploreViewModel.swift in Sources */ = {isa = PBXBuildFile; fileRef = 91519A612C5ECDF900F8227B /* ExploreViewModel.swift */; };
		91519A642C5ECF2200F8227B /* ExploreModel.swift in Sources */ = {isa = PBXBuildFile; fileRef = 91519A632C5ECF2200F8227B /* ExploreModel.swift */; };
		91519A662C5ED2C900F8227B /* ExploreCategoryCellView.swift in Sources */ = {isa = PBXBuildFile; fileRef = 91519A652C5ED2C900F8227B /* ExploreCategoryCellView.swift */; };
		9160D50C2C65609E0003DF3F /* SheetView.swift in Sources */ = {isa = PBXBuildFile; fileRef = 9160D50B2C65609E0003DF3F /* SheetView.swift */; };
		9160D50E2C6685B70003DF3F /* PromocodeViewModel.swift in Sources */ = {isa = PBXBuildFile; fileRef = 9160D50D2C6685B70003DF3F /* PromocodeViewModel.swift */; };
		9160D5102C66876E0003DF3F /* PromoCodeView.swift in Sources */ = {isa = PBXBuildFile; fileRef = 9160D50F2C66876E0003DF3F /* PromoCodeView.swift */; };
		9160D5122C6687850003DF3F /* PromocodeCellView.swift in Sources */ = {isa = PBXBuildFile; fileRef = 9160D5112C6687850003DF3F /* PromocodeCellView.swift */; };
		9160D5142C66A2C20003DF3F /* Assets.xcassets in Resources */ = {isa = PBXBuildFile; fileRef = 9160D5132C66A2C20003DF3F /* Assets.xcassets */; };
		9160D5162C66B33E0003DF3F /* PaymentViewModel.swift in Sources */ = {isa = PBXBuildFile; fileRef = 9160D5152C66B33E0003DF3F /* PaymentViewModel.swift */; };
		9160D5182C66B37D0003DF3F /* PaymentView.swift in Sources */ = {isa = PBXBuildFile; fileRef = 9160D5172C66B37D0003DF3F /* PaymentView.swift */; };
		9160D51A2C66B3910003DF3F /* PaymentRowView.swift in Sources */ = {isa = PBXBuildFile; fileRef = 9160D5192C66B3910003DF3F /* PaymentRowView.swift */; };
		9160D51C2C66B58E0003DF3F /* AddPaymentView.swift in Sources */ = {isa = PBXBuildFile; fileRef = 9160D51B2C66B58E0003DF3F /* AddPaymentView.swift */; };
		9160D51E2C69026F0003DF3F /* CheckOutView.swift in Sources */ = {isa = PBXBuildFile; fileRef = 9160D51D2C69026F0003DF3F /* CheckOutView.swift */; };
		9160D5242C6AB0FE0003DF3F /* MyOrderModel.swift in Sources */ = {isa = PBXBuildFile; fileRef = 9160D5232C6AB0FE0003DF3F /* MyOrderModel.swift */; };
		9160D5262C6AB1A90003DF3F /* MyOrderViewModel.swift in Sources */ = {isa = PBXBuildFile; fileRef = 9160D5252C6AB1A90003DF3F /* MyOrderViewModel.swift */; };
		9160D5282C6AB24F0003DF3F /* MyOrderView.swift in Sources */ = {isa = PBXBuildFile; fileRef = 9160D5272C6AB24F0003DF3F /* MyOrderView.swift */; };
		9174FD422C63F359004B0011 /* AccountRowView.swift in Sources */ = {isa = PBXBuildFile; fileRef = 9174FD412C63F359004B0011 /* AccountRowView.swift */; };
		9174FD442C63FA5F004B0011 /* UserNameModel.swift in Sources */ = {isa = PBXBuildFile; fileRef = 9174FD432C63FA5F004B0011 /* UserNameModel.swift */; };
		9174FD462C63FAEB004B0011 /* UserNameViewModel.swift in Sources */ = {isa = PBXBuildFile; fileRef = 9174FD452C63FAEB004B0011 /* UserNameViewModel.swift */; };
		9174FD4A2C6415F7004B0011 /* DeliveryAddressView.swift in Sources */ = {isa = PBXBuildFile; fileRef = 9174FD492C6415F7004B0011 /* DeliveryAddressView.swift */; };
		9174FD4C2C641839004B0011 /* DeliveryAddressViewModel.swift in Sources */ = {isa = PBXBuildFile; fileRef = 9174FD4B2C641839004B0011 /* DeliveryAddressViewModel.swift */; };
		9174FD4E2C641F34004B0011 /* AddressRowView.swift in Sources */ = {isa = PBXBuildFile; fileRef = 9174FD4D2C641F34004B0011 /* AddressRowView.swift */; };
		9174FD502C64383E004B0011 /* AddDeliveryAddressView.swift in Sources */ = {isa = PBXBuildFile; fileRef = 9174FD4F2C64383D004B0011 /* AddDeliveryAddressView.swift */; };
		9174FD522C6512D8004B0011 /* StepProgressBar.swift in Sources */ = {isa = PBXBuildFile; fileRef = 9174FD512C6512D8004B0011 /* StepProgressBar.swift */; };
		91DD964D2C5FEE23005528F5 /* ExploreItemViewModel.swift in Sources */ = {isa = PBXBuildFile; fileRef = 91DD964C2C5FEE23005528F5 /* ExploreItemViewModel.swift */; };
		91DD964F2C5FF0ED005528F5 /* ExploreItemView.swift in Sources */ = {isa = PBXBuildFile; fileRef = 91DD964E2C5FF0ED005528F5 /* ExploreItemView.swift */; };
		91DD96512C60182F005528F5 /* CartViewModel.swift in Sources */ = {isa = PBXBuildFile; fileRef = 91DD96502C60182F005528F5 /* CartViewModel.swift */; };
		91DD96532C601930005528F5 /* CartItemModel.swift in Sources */ = {isa = PBXBuildFile; fileRef = 91DD96522C601930005528F5 /* CartItemModel.swift */; };
		91DD96552C601FA4005528F5 /* AddressModel.swift in Sources */ = {isa = PBXBuildFile; fileRef = 91DD96542C601FA4005528F5 /* AddressModel.swift */; };
		91DD96572C602033005528F5 /* PaymentModel.swift in Sources */ = {isa = PBXBuildFile; fileRef = 91DD96562C602033005528F5 /* PaymentModel.swift */; };
		91DD96592C602152005528F5 /* PromoCodeModel.swift in Sources */ = {isa = PBXBuildFile; fileRef = 91DD96582C602152005528F5 /* PromoCodeModel.swift */; };
		91DD965B2C60255B005528F5 /* DebitCardView.swift in Sources */ = {isa = PBXBuildFile; fileRef = 91DD965A2C60255B005528F5 /* DebitCardView.swift */; };
		91DD965D2C611D70005528F5 /* CartItemRowView.swift in Sources */ = {isa = PBXBuildFile; fileRef = 91DD965C2C611D70005528F5 /* CartItemRowView.swift */; };
		91F366812C6ABA2800D6E521 /* MyOrderRowView.swift in Sources */ = {isa = PBXBuildFile; fileRef = 91F366802C6ABA2800D6E521 /* MyOrderRowView.swift */; };
		91F366832C6AC0E300D6E521 /* MyOrderDetailViewModel.swift in Sources */ = {isa = PBXBuildFile; fileRef = 91F366822C6AC0E300D6E521 /* MyOrderDetailViewModel.swift */; };
		91F366852C6AC12100D6E521 /* OrderItemModel.swift in Sources */ = {isa = PBXBuildFile; fileRef = 91F366842C6AC12100D6E521 /* OrderItemModel.swift */; };
		91F366872C6AC33300D6E521 /* MyOrderDetailView.swift in Sources */ = {isa = PBXBuildFile; fileRef = 91F366862C6AC33300D6E521 /* MyOrderDetailView.swift */; };
		91F366892C6AC4B300D6E521 /* OrderItemRowView.swift in Sources */ = {isa = PBXBuildFile; fileRef = 91F366882C6AC4B300D6E521 /* OrderItemRowView.swift */; };
		91F3668B2C6BD79000D6E521 /* OrderDetailRowView.swift in Sources */ = {isa = PBXBuildFile; fileRef = 91F3668A2C6BD79000D6E521 /* OrderDetailRowView.swift */; };
		91F3668D2C73B47E00D6E521 /* NotificationViewModel.swift in Sources */ = {isa = PBXBuildFile; fileRef = 91F3668C2C73B47E00D6E521 /* NotificationViewModel.swift */; };
		91F3668F2C73B58400D6E521 /* NotificationModel.swift in Sources */ = {isa = PBXBuildFile; fileRef = 91F3668E2C73B58400D6E521 /* NotificationModel.swift */; };
		91F366912C73B6EF00D6E521 /* NotificationView.swift in Sources */ = {isa = PBXBuildFile; fileRef = 91F366902C73B6EF00D6E521 /* NotificationView.swift */; };
		91F366932C73B8DF00D6E521 /* NotificationRowView.swift in Sources */ = {isa = PBXBuildFile; fileRef = 91F366922C73B8DF00D6E521 /* NotificationRowView.swift */; };
		91F366972C74238000D6E521 /* ProductEnum.swift in Sources */ = {isa = PBXBuildFile; fileRef = 91F366962C74238000D6E521 /* ProductEnum.swift */; };
/* End PBXBuildFile section */

/* Begin PBXContainerItemProxy section */
		914685D22C21C157003755C2 /* PBXContainerItemProxy */ = {
			isa = PBXContainerItemProxy;
			containerPortal = 914685B92C21C155003755C2 /* Project object */;
			proxyType = 1;
			remoteGlobalIDString = 914685C02C21C155003755C2;
			remoteInfo = "Online-Groceries";
		};
		914685DC2C21C158003755C2 /* PBXContainerItemProxy */ = {
			isa = PBXContainerItemProxy;
			containerPortal = 914685B92C21C155003755C2 /* Project object */;
			proxyType = 1;
			remoteGlobalIDString = 914685C02C21C155003755C2;
			remoteInfo = "Online-Groceries";
		};
/* End PBXContainerItemProxy section */

/* Begin PBXFileReference section */
		910A2D672C7956DD00C3EACA /* MyDetailsViewModel.swift */ = {isa = PBXFileReference; lastKnownFileType = sourcecode.swift; path = MyDetailsViewModel.swift; sourceTree = "<group>"; };
		910A2D692C79583900C3EACA /* MyDetailsView.swift */ = {isa = PBXFileReference; lastKnownFileType = sourcecode.swift; path = MyDetailsView.swift; sourceTree = "<group>"; };
		910A2D6B2C795AF700C3EACA /* ChangePasswordView.swift */ = {isa = PBXFileReference; lastKnownFileType = sourcecode.swift; path = ChangePasswordView.swift; sourceTree = "<group>"; };
		910A2D6D2C7D0DF000C3EACA /* ForgotPasswordViewModel.swift */ = {isa = PBXFileReference; lastKnownFileType = sourcecode.swift; path = ForgotPasswordViewModel.swift; sourceTree = "<group>"; };
		910A2D6F2C7D0F2000C3EACA /* ForgotPasswordView.swift */ = {isa = PBXFileReference; lastKnownFileType = sourcecode.swift; path = ForgotPasswordView.swift; sourceTree = "<group>"; };
		910A2D712C7D0FC600C3EACA /* ForgotPasswordSetView.swift */ = {isa = PBXFileReference; lastKnownFileType = sourcecode.swift; path = ForgotPasswordSetView.swift; sourceTree = "<group>"; };
		910A2D732C7D0FDE00C3EACA /* OTPView.swift */ = {isa = PBXFileReference; lastKnownFileType = sourcecode.swift; path = OTPView.swift; sourceTree = "<group>"; };
		910A2D772C7D38D500C3EACA /* OTPScreenView.swift */ = {isa = PBXFileReference; lastKnownFileType = sourcecode.swift; path = OTPScreenView.swift; sourceTree = "<group>"; };
		910A2D792C7D871F00C3EACA /* WriteReviewView.swift */ = {isa = PBXFileReference; lastKnownFileType = sourcecode.swift; path = WriteReviewView.swift; sourceTree = "<group>"; };
		914685C12C21C155003755C2 /* Online-Groceries.app */ = {isa = PBXFileReference; explicitFileType = wrapper.application; includeInIndex = 0; path = "Online-Groceries.app"; sourceTree = BUILT_PRODUCTS_DIR; };
		914685C42C21C155003755C2 /* Online_GroceriesApp.swift */ = {isa = PBXFileReference; lastKnownFileType = sourcecode.swift; path = Online_GroceriesApp.swift; sourceTree = "<group>"; };
		914685CB2C21C157003755C2 /* Preview Assets.xcassets */ = {isa = PBXFileReference; lastKnownFileType = folder.assetcatalog; path = "Preview Assets.xcassets"; sourceTree = "<group>"; };
		914685D12C21C157003755C2 /* Online-GroceriesTests.xctest */ = {isa = PBXFileReference; explicitFileType = wrapper.cfbundle; includeInIndex = 0; path = "Online-GroceriesTests.xctest"; sourceTree = BUILT_PRODUCTS_DIR; };
		914685D52C21C157003755C2 /* Online_GroceriesTests.swift */ = {isa = PBXFileReference; lastKnownFileType = sourcecode.swift; path = Online_GroceriesTests.swift; sourceTree = "<group>"; };
		914685DB2C21C158003755C2 /* Online-GroceriesUITests.xctest */ = {isa = PBXFileReference; explicitFileType = wrapper.cfbundle; includeInIndex = 0; path = "Online-GroceriesUITests.xctest"; sourceTree = BUILT_PRODUCTS_DIR; };
		914685DF2C21C158003755C2 /* Online_GroceriesUITests.swift */ = {isa = PBXFileReference; lastKnownFileType = sourcecode.swift; path = Online_GroceriesUITests.swift; sourceTree = "<group>"; };
		914685E12C21C158003755C2 /* Online_GroceriesUITestsLaunchTests.swift */ = {isa = PBXFileReference; lastKnownFileType = sourcecode.swift; path = Online_GroceriesUITestsLaunchTests.swift; sourceTree = "<group>"; };
		914685EF2C21C402003755C2 /* Gilroy-SemiBold.ttf */ = {isa = PBXFileReference; lastKnownFileType = file; path = "Gilroy-SemiBold.ttf"; sourceTree = "<group>"; };
		914685F02C21C402003755C2 /* Gilroy-Bold.ttf */ = {isa = PBXFileReference; lastKnownFileType = file; path = "Gilroy-Bold.ttf"; sourceTree = "<group>"; };
		914685F12C21C402003755C2 /* Gilroy-Regular.ttf */ = {isa = PBXFileReference; lastKnownFileType = file; path = "Gilroy-Regular.ttf"; sourceTree = "<group>"; };
		914685F52C21C440003755C2 /* Gilroy-Medium.ttf */ = {isa = PBXFileReference; lastKnownFileType = file; path = "Gilroy-Medium.ttf"; sourceTree = "<group>"; };
		914685F72C21C8F1003755C2 /* Info.plist */ = {isa = PBXFileReference; lastKnownFileType = text.plist; path = Info.plist; sourceTree = "<group>"; };
		914685FD2C21CAC6003755C2 /* WelcomeView.swift */ = {isa = PBXFileReference; lastKnownFileType = sourcecode.swift; path = WelcomeView.swift; sourceTree = "<group>"; };
		914685FF2C21CAF3003755C2 /* Launch Screen.storyboard */ = {isa = PBXFileReference; lastKnownFileType = file.storyboard; path = "Launch Screen.storyboard"; sourceTree = "<group>"; };
		914686012C21CCD6003755C2 /* UIExtension.swift */ = {isa = PBXFileReference; lastKnownFileType = sourcecode.swift; path = UIExtension.swift; sourceTree = "<group>"; };
		914686032C21D752003755C2 /* RoundedButton.swift */ = {isa = PBXFileReference; lastKnownFileType = sourcecode.swift; path = RoundedButton.swift; sourceTree = "<group>"; };
		914686052C22A41E003755C2 /* SigninView.swift */ = {isa = PBXFileReference; lastKnownFileType = sourcecode.swift; path = SigninView.swift; sourceTree = "<group>"; };
		9146860A2C22B70C003755C2 /* CountryPicker.swift */ = {isa = PBXFileReference; lastKnownFileType = sourcecode.swift; path = CountryPicker.swift; sourceTree = "<group>"; };
		9146860E2C22BF7F003755C2 /* LoginView.swift */ = {isa = PBXFileReference; lastKnownFileType = sourcecode.swift; path = LoginView.swift; sourceTree = "<group>"; };
		914686102C22D349003755C2 /* MainViewModel.swift */ = {isa = PBXFileReference; lastKnownFileType = sourcecode.swift; path = MainViewModel.swift; sourceTree = "<group>"; };
		914686122C22D493003755C2 /* LineTextField.swift */ = {isa = PBXFileReference; lastKnownFileType = sourcecode.swift; path = LineTextField.swift; sourceTree = "<group>"; };
		914686142C22EE8C003755C2 /* ServiceCall.swift */ = {isa = PBXFileReference; lastKnownFileType = sourcecode.swift; path = ServiceCall.swift; sourceTree = "<group>"; };
		914686162C22FCF8003755C2 /* Globs.swift */ = {isa = PBXFileReference; lastKnownFileType = sourcecode.swift; path = Globs.swift; sourceTree = "<group>"; };
		91519A1B2C4EA66800F8227B /* UIExtensions.swift */ = {isa = PBXFileReference; lastKnownFileType = sourcecode.swift; path = UIExtensions.swift; sourceTree = "<group>"; };
		91519A1D2C4EAF2A00F8227B /* SignupView.swift */ = {isa = PBXFileReference; lastKnownFileType = sourcecode.swift; path = SignupView.swift; sourceTree = "<group>"; };
		91519A1F2C4FD2F400F8227B /* UserModel.swift */ = {isa = PBXFileReference; lastKnownFileType = sourcecode.swift; path = UserModel.swift; sourceTree = "<group>"; };
		91519A222C4FE6AC00F8227B /* MainTabView.swift */ = {isa = PBXFileReference; lastKnownFileType = sourcecode.swift; path = MainTabView.swift; sourceTree = "<group>"; };
		91519A242C4FF9F700F8227B /* HomeViewModel.swift */ = {isa = PBXFileReference; lastKnownFileType = sourcecode.swift; path = HomeViewModel.swift; sourceTree = "<group>"; };
		91519A272C4FFB2700F8227B /* HomeView.swift */ = {isa = PBXFileReference; lastKnownFileType = sourcecode.swift; path = HomeView.swift; sourceTree = "<group>"; };
		91519A2A2C4FFBC000F8227B /* ExploreView.swift */ = {isa = PBXFileReference; lastKnownFileType = sourcecode.swift; path = ExploreView.swift; sourceTree = "<group>"; };
		91519A2C2C50E73F00F8227B /* TabButton.swift */ = {isa = PBXFileReference; lastKnownFileType = sourcecode.swift; path = TabButton.swift; sourceTree = "<group>"; };
		91519A2E2C50F5FD00F8227B /* SearchTextField.swift */ = {isa = PBXFileReference; lastKnownFileType = sourcecode.swift; path = SearchTextField.swift; sourceTree = "<group>"; };
		91519A322C510A0A00F8227B /* ImageSliderViews.swift */ = {isa = PBXFileReference; lastKnownFileType = sourcecode.swift; path = ImageSliderViews.swift; sourceTree = "<group>"; };
		91519A342C51320400F8227B /* SectionTitleView.swift */ = {isa = PBXFileReference; lastKnownFileType = sourcecode.swift; path = SectionTitleView.swift; sourceTree = "<group>"; };
		91519A362C5137AD00F8227B /* ProductCellView.swift */ = {isa = PBXFileReference; lastKnownFileType = sourcecode.swift; path = ProductCellView.swift; sourceTree = "<group>"; };
		91519A382C5155BB00F8227B /* CategoryCellView.swift */ = {isa = PBXFileReference; lastKnownFileType = sourcecode.swift; path = CategoryCellView.swift; sourceTree = "<group>"; };
		91519A3A2C51648E00F8227B /* ProductModel.swift */ = {isa = PBXFileReference; lastKnownFileType = sourcecode.swift; path = ProductModel.swift; sourceTree = "<group>"; };
		91519A3C2C517ADF00F8227B /* TypeModel.swift */ = {isa = PBXFileReference; lastKnownFileType = sourcecode.swift; path = TypeModel.swift; sourceTree = "<group>"; };
		91519A422C591DD700F8227B /* ProductDetailView.swift */ = {isa = PBXFileReference; lastKnownFileType = sourcecode.swift; path = ProductDetailView.swift; sourceTree = "<group>"; };
		91519A442C591EE400F8227B /* ProductDetailViewModel.swift */ = {isa = PBXFileReference; lastKnownFileType = sourcecode.swift; path = ProductDetailViewModel.swift; sourceTree = "<group>"; };
		91519A462C59201D00F8227B /* NutritionModel.swift */ = {isa = PBXFileReference; lastKnownFileType = sourcecode.swift; path = NutritionModel.swift; sourceTree = "<group>"; };
		91519A482C59213000F8227B /* ImageModel.swift */ = {isa = PBXFileReference; lastKnownFileType = sourcecode.swift; path = ImageModel.swift; sourceTree = "<group>"; };
		91519A4A2C5A8F8600F8227B /* TermsofServiceView.swift */ = {isa = PBXFileReference; lastKnownFileType = sourcecode.swift; path = TermsofServiceView.swift; sourceTree = "<group>"; };
		91519A4C2C5A8FAA00F8227B /* PrivacyPolicyView.swift */ = {isa = PBXFileReference; lastKnownFileType = sourcecode.swift; path = PrivacyPolicyView.swift; sourceTree = "<group>"; };
		91519A4E2C5AB02200F8227B /* MonthYearView.swift */ = {isa = PBXFileReference; lastKnownFileType = sourcecode.swift; path = MonthYearView.swift; sourceTree = "<group>"; };
		91519A512C5D2D9A00F8227B /* MyCartView.swift */ = {isa = PBXFileReference; lastKnownFileType = sourcecode.swift; path = MyCartView.swift; sourceTree = "<group>"; };
		91519A552C5D2DBF00F8227B /* AccountView.swift */ = {isa = PBXFileReference; lastKnownFileType = sourcecode.swift; path = AccountView.swift; sourceTree = "<group>"; };
		91519A572C5D2DD000F8227B /* FavouriteView.swift */ = {isa = PBXFileReference; lastKnownFileType = sourcecode.swift; path = FavouriteView.swift; sourceTree = "<group>"; };
		91519A592C5E6CB200F8227B /* FavouriteViewModel.swift */ = {isa = PBXFileReference; lastKnownFileType = sourcecode.swift; path = FavouriteViewModel.swift; sourceTree = "<group>"; };
		91519A5B2C5E704400F8227B /* FavouriteRowView.swift */ = {isa = PBXFileReference; lastKnownFileType = sourcecode.swift; path = FavouriteRowView.swift; sourceTree = "<group>"; };
		91519A5F2C5E813D00F8227B /* MarqueeTextView.swift */ = {isa = PBXFileReference; lastKnownFileType = sourcecode.swift; path = MarqueeTextView.swift; sourceTree = "<group>"; };
		91519A612C5ECDF900F8227B /* ExploreViewModel.swift */ = {isa = PBXFileReference; lastKnownFileType = sourcecode.swift; path = ExploreViewModel.swift; sourceTree = "<group>"; };
		91519A632C5ECF2200F8227B /* ExploreModel.swift */ = {isa = PBXFileReference; lastKnownFileType = sourcecode.swift; path = ExploreModel.swift; sourceTree = "<group>"; };
		91519A652C5ED2C900F8227B /* ExploreCategoryCellView.swift */ = {isa = PBXFileReference; lastKnownFileType = sourcecode.swift; path = ExploreCategoryCellView.swift; sourceTree = "<group>"; };
		9160D50B2C65609E0003DF3F /* SheetView.swift */ = {isa = PBXFileReference; lastKnownFileType = sourcecode.swift; path = SheetView.swift; sourceTree = "<group>"; };
		9160D50D2C6685B70003DF3F /* PromocodeViewModel.swift */ = {isa = PBXFileReference; lastKnownFileType = sourcecode.swift; path = PromocodeViewModel.swift; sourceTree = "<group>"; };
		9160D50F2C66876E0003DF3F /* PromoCodeView.swift */ = {isa = PBXFileReference; lastKnownFileType = sourcecode.swift; path = PromoCodeView.swift; sourceTree = "<group>"; };
		9160D5112C6687850003DF3F /* PromocodeCellView.swift */ = {isa = PBXFileReference; lastKnownFileType = sourcecode.swift; path = PromocodeCellView.swift; sourceTree = "<group>"; };
		9160D5132C66A2C20003DF3F /* Assets.xcassets */ = {isa = PBXFileReference; lastKnownFileType = folder.assetcatalog; path = Assets.xcassets; sourceTree = "<group>"; };
		9160D5152C66B33E0003DF3F /* PaymentViewModel.swift */ = {isa = PBXFileReference; lastKnownFileType = sourcecode.swift; path = PaymentViewModel.swift; sourceTree = "<group>"; };
		9160D5172C66B37D0003DF3F /* PaymentView.swift */ = {isa = PBXFileReference; lastKnownFileType = sourcecode.swift; path = PaymentView.swift; sourceTree = "<group>"; };
		9160D5192C66B3910003DF3F /* PaymentRowView.swift */ = {isa = PBXFileReference; lastKnownFileType = sourcecode.swift; path = PaymentRowView.swift; sourceTree = "<group>"; };
		9160D51B2C66B58E0003DF3F /* AddPaymentView.swift */ = {isa = PBXFileReference; lastKnownFileType = sourcecode.swift; path = AddPaymentView.swift; sourceTree = "<group>"; };
		9160D51D2C69026F0003DF3F /* CheckOutView.swift */ = {isa = PBXFileReference; lastKnownFileType = sourcecode.swift; path = CheckOutView.swift; sourceTree = "<group>"; };
		9160D5232C6AB0FE0003DF3F /* MyOrderModel.swift */ = {isa = PBXFileReference; lastKnownFileType = sourcecode.swift; path = MyOrderModel.swift; sourceTree = "<group>"; };
		9160D5252C6AB1A90003DF3F /* MyOrderViewModel.swift */ = {isa = PBXFileReference; lastKnownFileType = sourcecode.swift; path = MyOrderViewModel.swift; sourceTree = "<group>"; };
		9160D5272C6AB24F0003DF3F /* MyOrderView.swift */ = {isa = PBXFileReference; lastKnownFileType = sourcecode.swift; path = MyOrderView.swift; sourceTree = "<group>"; };
		9174FD412C63F359004B0011 /* AccountRowView.swift */ = {isa = PBXFileReference; lastKnownFileType = sourcecode.swift; path = AccountRowView.swift; sourceTree = "<group>"; };
		9174FD432C63FA5F004B0011 /* UserNameModel.swift */ = {isa = PBXFileReference; lastKnownFileType = sourcecode.swift; path = UserNameModel.swift; sourceTree = "<group>"; };
		9174FD452C63FAEB004B0011 /* UserNameViewModel.swift */ = {isa = PBXFileReference; lastKnownFileType = sourcecode.swift; path = UserNameViewModel.swift; sourceTree = "<group>"; };
		9174FD492C6415F7004B0011 /* DeliveryAddressView.swift */ = {isa = PBXFileReference; lastKnownFileType = sourcecode.swift; path = DeliveryAddressView.swift; sourceTree = "<group>"; };
		9174FD4B2C641839004B0011 /* DeliveryAddressViewModel.swift */ = {isa = PBXFileReference; lastKnownFileType = sourcecode.swift; path = DeliveryAddressViewModel.swift; sourceTree = "<group>"; };
		9174FD4D2C641F34004B0011 /* AddressRowView.swift */ = {isa = PBXFileReference; lastKnownFileType = sourcecode.swift; path = AddressRowView.swift; sourceTree = "<group>"; };
		9174FD4F2C64383D004B0011 /* AddDeliveryAddressView.swift */ = {isa = PBXFileReference; lastKnownFileType = sourcecode.swift; path = AddDeliveryAddressView.swift; sourceTree = "<group>"; };
		9174FD512C6512D8004B0011 /* StepProgressBar.swift */ = {isa = PBXFileReference; lastKnownFileType = sourcecode.swift; path = StepProgressBar.swift; sourceTree = "<group>"; };
		91DD964C2C5FEE23005528F5 /* ExploreItemViewModel.swift */ = {isa = PBXFileReference; lastKnownFileType = sourcecode.swift; path = ExploreItemViewModel.swift; sourceTree = "<group>"; };
		91DD964E2C5FF0ED005528F5 /* ExploreItemView.swift */ = {isa = PBXFileReference; lastKnownFileType = sourcecode.swift; path = ExploreItemView.swift; sourceTree = "<group>"; };
		91DD96502C60182F005528F5 /* CartViewModel.swift */ = {isa = PBXFileReference; lastKnownFileType = sourcecode.swift; path = CartViewModel.swift; sourceTree = "<group>"; };
		91DD96522C601930005528F5 /* CartItemModel.swift */ = {isa = PBXFileReference; lastKnownFileType = sourcecode.swift; path = CartItemModel.swift; sourceTree = "<group>"; };
		91DD96542C601FA4005528F5 /* AddressModel.swift */ = {isa = PBXFileReference; lastKnownFileType = sourcecode.swift; path = AddressModel.swift; sourceTree = "<group>"; };
		91DD96562C602033005528F5 /* PaymentModel.swift */ = {isa = PBXFileReference; lastKnownFileType = sourcecode.swift; path = PaymentModel.swift; sourceTree = "<group>"; };
		91DD96582C602152005528F5 /* PromoCodeModel.swift */ = {isa = PBXFileReference; lastKnownFileType = sourcecode.swift; path = PromoCodeModel.swift; sourceTree = "<group>"; };
		91DD965A2C60255B005528F5 /* DebitCardView.swift */ = {isa = PBXFileReference; lastKnownFileType = sourcecode.swift; path = DebitCardView.swift; sourceTree = "<group>"; };
		91DD965C2C611D70005528F5 /* CartItemRowView.swift */ = {isa = PBXFileReference; lastKnownFileType = sourcecode.swift; path = CartItemRowView.swift; sourceTree = "<group>"; };
		91F366802C6ABA2800D6E521 /* MyOrderRowView.swift */ = {isa = PBXFileReference; lastKnownFileType = sourcecode.swift; path = MyOrderRowView.swift; sourceTree = "<group>"; };
		91F366822C6AC0E300D6E521 /* MyOrderDetailViewModel.swift */ = {isa = PBXFileReference; lastKnownFileType = sourcecode.swift; path = MyOrderDetailViewModel.swift; sourceTree = "<group>"; };
		91F366842C6AC12100D6E521 /* OrderItemModel.swift */ = {isa = PBXFileReference; lastKnownFileType = sourcecode.swift; path = OrderItemModel.swift; sourceTree = "<group>"; };
		91F366862C6AC33300D6E521 /* MyOrderDetailView.swift */ = {isa = PBXFileReference; lastKnownFileType = sourcecode.swift; path = MyOrderDetailView.swift; sourceTree = "<group>"; };
		91F366882C6AC4B300D6E521 /* OrderItemRowView.swift */ = {isa = PBXFileReference; lastKnownFileType = sourcecode.swift; path = OrderItemRowView.swift; sourceTree = "<group>"; };
		91F3668A2C6BD79000D6E521 /* OrderDetailRowView.swift */ = {isa = PBXFileReference; lastKnownFileType = sourcecode.swift; path = OrderDetailRowView.swift; sourceTree = "<group>"; };
		91F3668C2C73B47E00D6E521 /* NotificationViewModel.swift */ = {isa = PBXFileReference; lastKnownFileType = sourcecode.swift; path = NotificationViewModel.swift; sourceTree = "<group>"; };
		91F3668E2C73B58400D6E521 /* NotificationModel.swift */ = {isa = PBXFileReference; lastKnownFileType = sourcecode.swift; path = NotificationModel.swift; sourceTree = "<group>"; };
		91F366902C73B6EF00D6E521 /* NotificationView.swift */ = {isa = PBXFileReference; lastKnownFileType = sourcecode.swift; path = NotificationView.swift; sourceTree = "<group>"; };
		91F366922C73B8DF00D6E521 /* NotificationRowView.swift */ = {isa = PBXFileReference; lastKnownFileType = sourcecode.swift; path = NotificationRowView.swift; sourceTree = "<group>"; };
		91F366962C74238000D6E521 /* ProductEnum.swift */ = {isa = PBXFileReference; lastKnownFileType = sourcecode.swift; path = ProductEnum.swift; sourceTree = "<group>"; };
/* End PBXFileReference section */

/* Begin PBXFrameworksBuildPhase section */
		914685BE2C21C155003755C2 /* Frameworks */ = {
			isa = PBXFrameworksBuildPhase;
			buildActionMask = 2147483647;
			files = (
				91519A412C51898900F8227B /* SDWebImageSwiftUI in Frameworks */,
				914686092C22B6E2003755C2 /* CountryPicker in Frameworks */,
			);
			runOnlyForDeploymentPostprocessing = 0;
		};
		914685CE2C21C157003755C2 /* Frameworks */ = {
			isa = PBXFrameworksBuildPhase;
			buildActionMask = 2147483647;
			files = (
			);
			runOnlyForDeploymentPostprocessing = 0;
		};
		914685D82C21C158003755C2 /* Frameworks */ = {
			isa = PBXFrameworksBuildPhase;
			buildActionMask = 2147483647;
			files = (
			);
			runOnlyForDeploymentPostprocessing = 0;
		};
/* End PBXFrameworksBuildPhase section */

/* Begin PBXGroup section */
		914685B82C21C155003755C2 = {
			isa = PBXGroup;
			children = (
				914685C32C21C155003755C2 /* Online-Groceries */,
				914685D42C21C157003755C2 /* Online-GroceriesTests */,
				914685DE2C21C158003755C2 /* Online-GroceriesUITests */,
				914685C22C21C155003755C2 /* Products */,
			);
			sourceTree = "<group>";
		};
		914685C22C21C155003755C2 /* Products */ = {
			isa = PBXGroup;
			children = (
				914685C12C21C155003755C2 /* Online-Groceries.app */,
				914685D12C21C157003755C2 /* Online-GroceriesTests.xctest */,
				914685DB2C21C158003755C2 /* Online-GroceriesUITests.xctest */,
			);
			name = Products;
			sourceTree = "<group>";
		};
		914685C32C21C155003755C2 /* Online-Groceries */ = {
			isa = PBXGroup;
			children = (
				91F366952C74236A00D6E521 /* Enum */,
				91519A1A2C4EA64C00F8227B /* Common */,
				914685FB2C21CA88003755C2 /* View */,
				914685FA2C21CA85003755C2 /* Model */,
				914685F92C21CA83003755C2 /* ViewModel */,
				914685F82C21CA80003755C2 /* UICommon */,
				914685C42C21C155003755C2 /* Online_GroceriesApp.swift */,
				9160D5132C66A2C20003DF3F /* Assets.xcassets */,
				914685F72C21C8F1003755C2 /* Info.plist */,
				914685EE2C21C3DB003755C2 /* Fonts */,
				914685CA2C21C157003755C2 /* Preview Content */,
				914685FF2C21CAF3003755C2 /* Launch Screen.storyboard */,
			);
			path = "Online-Groceries";
			sourceTree = "<group>";
		};
		914685CA2C21C157003755C2 /* Preview Content */ = {
			isa = PBXGroup;
			children = (
				914685CB2C21C157003755C2 /* Preview Assets.xcassets */,
			);
			path = "Preview Content";
			sourceTree = "<group>";
		};
		914685D42C21C157003755C2 /* Online-GroceriesTests */ = {
			isa = PBXGroup;
			children = (
				914685D52C21C157003755C2 /* Online_GroceriesTests.swift */,
			);
			path = "Online-GroceriesTests";
			sourceTree = "<group>";
		};
		914685DE2C21C158003755C2 /* Online-GroceriesUITests */ = {
			isa = PBXGroup;
			children = (
				914685DF2C21C158003755C2 /* Online_GroceriesUITests.swift */,
				914685E12C21C158003755C2 /* Online_GroceriesUITestsLaunchTests.swift */,
			);
			path = "Online-GroceriesUITests";
			sourceTree = "<group>";
		};
		914685EE2C21C3DB003755C2 /* Fonts */ = {
			isa = PBXGroup;
			children = (
				914685F02C21C402003755C2 /* Gilroy-Bold.ttf */,
				914685F52C21C440003755C2 /* Gilroy-Medium.ttf */,
				914685F12C21C402003755C2 /* Gilroy-Regular.ttf */,
				914685EF2C21C402003755C2 /* Gilroy-SemiBold.ttf */,
			);
			path = Fonts;
			sourceTree = "<group>";
		};
		914685F82C21CA80003755C2 /* UICommon */ = {
			isa = PBXGroup;
			children = (
				914686012C21CCD6003755C2 /* UIExtension.swift */,
				914686032C21D752003755C2 /* RoundedButton.swift */,
				9146860A2C22B70C003755C2 /* CountryPicker.swift */,
				914686122C22D493003755C2 /* LineTextField.swift */,
				914686142C22EE8C003755C2 /* ServiceCall.swift */,
				914686162C22FCF8003755C2 /* Globs.swift */,
				91519A2C2C50E73F00F8227B /* TabButton.swift */,
				91519A2E2C50F5FD00F8227B /* SearchTextField.swift */,
				91519A322C510A0A00F8227B /* ImageSliderViews.swift */,
				91519A342C51320400F8227B /* SectionTitleView.swift */,
				91519A362C5137AD00F8227B /* ProductCellView.swift */,
				91519A382C5155BB00F8227B /* CategoryCellView.swift */,
				91519A4E2C5AB02200F8227B /* MonthYearView.swift */,
				91519A4A2C5A8F8600F8227B /* TermsofServiceView.swift */,
				91519A4C2C5A8FAA00F8227B /* PrivacyPolicyView.swift */,
				91519A5F2C5E813D00F8227B /* MarqueeTextView.swift */,
				91519A652C5ED2C900F8227B /* ExploreCategoryCellView.swift */,
				91DD965A2C60255B005528F5 /* DebitCardView.swift */,
				9174FD4D2C641F34004B0011 /* AddressRowView.swift */,
				9174FD512C6512D8004B0011 /* StepProgressBar.swift */,
				91F366882C6AC4B300D6E521 /* OrderItemRowView.swift */,
			);
			path = UICommon;
			sourceTree = "<group>";
		};
		914685F92C21CA83003755C2 /* ViewModel */ = {
			isa = PBXGroup;
			children = (
				914686102C22D349003755C2 /* MainViewModel.swift */,
				910A2D672C7956DD00C3EACA /* MyDetailsViewModel.swift */,
				91519A242C4FF9F700F8227B /* HomeViewModel.swift */,
				91519A442C591EE400F8227B /* ProductDetailViewModel.swift */,
				91519A592C5E6CB200F8227B /* FavouriteViewModel.swift */,
				91519A612C5ECDF900F8227B /* ExploreViewModel.swift */,
				91DD964C2C5FEE23005528F5 /* ExploreItemViewModel.swift */,
				91DD96502C60182F005528F5 /* CartViewModel.swift */,
				9174FD452C63FAEB004B0011 /* UserNameViewModel.swift */,
				9174FD4B2C641839004B0011 /* DeliveryAddressViewModel.swift */,
				910A2D6D2C7D0DF000C3EACA /* ForgotPasswordViewModel.swift */,
				9160D50D2C6685B70003DF3F /* PromocodeViewModel.swift */,
				9160D5152C66B33E0003DF3F /* PaymentViewModel.swift */,
				9160D5252C6AB1A90003DF3F /* MyOrderViewModel.swift */,
				91F366822C6AC0E300D6E521 /* MyOrderDetailViewModel.swift */,
				91F3668C2C73B47E00D6E521 /* NotificationViewModel.swift */,
			);
			path = ViewModel;
			sourceTree = "<group>";
		};
		914685FA2C21CA85003755C2 /* Model */ = {
			isa = PBXGroup;
			children = (
				91519A1F2C4FD2F400F8227B /* UserModel.swift */,
				91519A3A2C51648E00F8227B /* ProductModel.swift */,
				91519A3C2C517ADF00F8227B /* TypeModel.swift */,
				91519A462C59201D00F8227B /* NutritionModel.swift */,
				91F3668E2C73B58400D6E521 /* NotificationModel.swift */,
				91519A482C59213000F8227B /* ImageModel.swift */,
				91519A632C5ECF2200F8227B /* ExploreModel.swift */,
				91DD96522C601930005528F5 /* CartItemModel.swift */,
				91DD96542C601FA4005528F5 /* AddressModel.swift */,
				91DD96562C602033005528F5 /* PaymentModel.swift */,
				91DD96582C602152005528F5 /* PromoCodeModel.swift */,
				9174FD432C63FA5F004B0011 /* UserNameModel.swift */,
				9160D5232C6AB0FE0003DF3F /* MyOrderModel.swift */,
				91F366842C6AC12100D6E521 /* OrderItemModel.swift */,
			);
			path = Model;
			sourceTree = "<group>";
		};
		914685FB2C21CA88003755C2 /* View */ = {
			isa = PBXGroup;
			children = (
				91519A542C5D2DAE00F8227B /* Account */,
				91519A532C5D2DA600F8227B /* Favourite */,
				91519A502C5D2D8B00F8227B /* Cart */,
				91519A292C4FFBAE00F8227B /* Explore */,
				91519A262C4FFB0D00F8227B /* Home */,
				91519A212C4FE68D00F8227B /* MainTab */,
				914685FC2C21CAB0003755C2 /* Login */,
			);
			path = View;
			sourceTree = "<group>";
		};
		914685FC2C21CAB0003755C2 /* Login */ = {
			isa = PBXGroup;
			children = (
				914685FD2C21CAC6003755C2 /* WelcomeView.swift */,
				914686052C22A41E003755C2 /* SigninView.swift */,
				9146860E2C22BF7F003755C2 /* LoginView.swift */,
				91519A1D2C4EAF2A00F8227B /* SignupView.swift */,
				910A2D6F2C7D0F2000C3EACA /* ForgotPasswordView.swift */,
				910A2D732C7D0FDE00C3EACA /* OTPView.swift */,
				910A2D772C7D38D500C3EACA /* OTPScreenView.swift */,
				910A2D712C7D0FC600C3EACA /* ForgotPasswordSetView.swift */,
			);
			path = Login;
			sourceTree = "<group>";
		};
		91519A1A2C4EA64C00F8227B /* Common */ = {
			isa = PBXGroup;
			children = (
				91519A1B2C4EA66800F8227B /* UIExtensions.swift */,
			);
			path = Common;
			sourceTree = "<group>";
		};
		91519A212C4FE68D00F8227B /* MainTab */ = {
			isa = PBXGroup;
			children = (
				91519A222C4FE6AC00F8227B /* MainTabView.swift */,
			);
			path = MainTab;
			sourceTree = "<group>";
		};
		91519A262C4FFB0D00F8227B /* Home */ = {
			isa = PBXGroup;
			children = (
				91519A272C4FFB2700F8227B /* HomeView.swift */,
				91519A422C591DD700F8227B /* ProductDetailView.swift */,
			);
			path = Home;
			sourceTree = "<group>";
		};
		91519A292C4FFBAE00F8227B /* Explore */ = {
			isa = PBXGroup;
			children = (
				91519A2A2C4FFBC000F8227B /* ExploreView.swift */,
				91DD964E2C5FF0ED005528F5 /* ExploreItemView.swift */,
			);
			path = Explore;
			sourceTree = "<group>";
		};
		91519A502C5D2D8B00F8227B /* Cart */ = {
			isa = PBXGroup;
			children = (
				91519A512C5D2D9A00F8227B /* MyCartView.swift */,
				9160D51D2C69026F0003DF3F /* CheckOutView.swift */,
				91DD965C2C611D70005528F5 /* CartItemRowView.swift */,
			);
			path = Cart;
			sourceTree = "<group>";
		};
		91519A532C5D2DA600F8227B /* Favourite */ = {
			isa = PBXGroup;
			children = (
				91519A572C5D2DD000F8227B /* FavouriteView.swift */,
				91519A5B2C5E704400F8227B /* FavouriteRowView.swift */,
			);
			path = Favourite;
			sourceTree = "<group>";
		};
		91519A542C5D2DAE00F8227B /* Account */ = {
			isa = PBXGroup;
			children = (
				91519A552C5D2DBF00F8227B /* AccountView.swift */,
				9174FD412C63F359004B0011 /* AccountRowView.swift */,
				9174FD492C6415F7004B0011 /* DeliveryAddressView.swift */,
				9174FD4F2C64383D004B0011 /* AddDeliveryAddressView.swift */,
				9160D50B2C65609E0003DF3F /* SheetView.swift */,
				9160D50F2C66876E0003DF3F /* PromoCodeView.swift */,
				9160D5112C6687850003DF3F /* PromocodeCellView.swift */,
				9160D5172C66B37D0003DF3F /* PaymentView.swift */,
				9160D51B2C66B58E0003DF3F /* AddPaymentView.swift */,
				9160D5192C66B3910003DF3F /* PaymentRowView.swift */,
				9160D5272C6AB24F0003DF3F /* MyOrderView.swift */,
				91F366802C6ABA2800D6E521 /* MyOrderRowView.swift */,
				91F366862C6AC33300D6E521 /* MyOrderDetailView.swift */,
				91F3668A2C6BD79000D6E521 /* OrderDetailRowView.swift */,
				91F366922C73B8DF00D6E521 /* NotificationRowView.swift */,
				91F366902C73B6EF00D6E521 /* NotificationView.swift */,
				910A2D6B2C795AF700C3EACA /* ChangePasswordView.swift */,
				910A2D692C79583900C3EACA /* MyDetailsView.swift */,
				910A2D792C7D871F00C3EACA /* WriteReviewView.swift */,
			);
			path = Account;
			sourceTree = "<group>";
		};
		91F366952C74236A00D6E521 /* Enum */ = {
			isa = PBXGroup;
			children = (
				91F366962C74238000D6E521 /* ProductEnum.swift */,
			);
			path = Enum;
			sourceTree = "<group>";
		};
/* End PBXGroup section */

/* Begin PBXNativeTarget section */
		914685C02C21C155003755C2 /* Online-Groceries */ = {
			isa = PBXNativeTarget;
			buildConfigurationList = 914685E52C21C158003755C2 /* Build configuration list for PBXNativeTarget "Online-Groceries" */;
			buildPhases = (
				914685BD2C21C155003755C2 /* Sources */,
				914685BE2C21C155003755C2 /* Frameworks */,
				914685BF2C21C155003755C2 /* Resources */,
			);
			buildRules = (
			);
			dependencies = (
			);
			name = "Online-Groceries";
			packageProductDependencies = (
				914686082C22B6E2003755C2 /* CountryPicker */,
				91519A402C51898900F8227B /* SDWebImageSwiftUI */,
			);
			productName = "Online-Groceries";
			productReference = 914685C12C21C155003755C2 /* Online-Groceries.app */;
			productType = "com.apple.product-type.application";
		};
		914685D02C21C157003755C2 /* Online-GroceriesTests */ = {
			isa = PBXNativeTarget;
			buildConfigurationList = 914685E82C21C158003755C2 /* Build configuration list for PBXNativeTarget "Online-GroceriesTests" */;
			buildPhases = (
				914685CD2C21C157003755C2 /* Sources */,
				914685CE2C21C157003755C2 /* Frameworks */,
				914685CF2C21C157003755C2 /* Resources */,
			);
			buildRules = (
			);
			dependencies = (
				914685D32C21C157003755C2 /* PBXTargetDependency */,
			);
			name = "Online-GroceriesTests";
			productName = "Online-GroceriesTests";
			productReference = 914685D12C21C157003755C2 /* Online-GroceriesTests.xctest */;
			productType = "com.apple.product-type.bundle.unit-test";
		};
		914685DA2C21C158003755C2 /* Online-GroceriesUITests */ = {
			isa = PBXNativeTarget;
			buildConfigurationList = 914685EB2C21C158003755C2 /* Build configuration list for PBXNativeTarget "Online-GroceriesUITests" */;
			buildPhases = (
				914685D72C21C158003755C2 /* Sources */,
				914685D82C21C158003755C2 /* Frameworks */,
				914685D92C21C158003755C2 /* Resources */,
			);
			buildRules = (
			);
			dependencies = (
				914685DD2C21C158003755C2 /* PBXTargetDependency */,
			);
			name = "Online-GroceriesUITests";
			productName = "Online-GroceriesUITests";
			productReference = 914685DB2C21C158003755C2 /* Online-GroceriesUITests.xctest */;
			productType = "com.apple.product-type.bundle.ui-testing";
		};
/* End PBXNativeTarget section */

/* Begin PBXProject section */
		914685B92C21C155003755C2 /* Project object */ = {
			isa = PBXProject;
			attributes = {
				BuildIndependentTargetsInParallel = 1;
				LastSwiftUpdateCheck = 1540;
				LastUpgradeCheck = 1540;
				TargetAttributes = {
					914685C02C21C155003755C2 = {
						CreatedOnToolsVersion = 15.4;
					};
					914685D02C21C157003755C2 = {
						CreatedOnToolsVersion = 15.4;
						TestTargetID = 914685C02C21C155003755C2;
					};
					914685DA2C21C158003755C2 = {
						CreatedOnToolsVersion = 15.4;
						TestTargetID = 914685C02C21C155003755C2;
					};
				};
			};
			buildConfigurationList = 914685BC2C21C155003755C2 /* Build configuration list for PBXProject "Online-Groceries" */;
			compatibilityVersion = "Xcode 14.0";
			developmentRegion = en;
			hasScannedForEncodings = 0;
			knownRegions = (
				en,
				Base,
			);
			mainGroup = 914685B82C21C155003755C2;
			packageReferences = (
				914686072C22B6E1003755C2 /* XCRemoteSwiftPackageReference "CountryPicker" */,
				91519A3F2C51898800F8227B /* XCRemoteSwiftPackageReference "SDWebImageSwiftUI" */,
			);
			productRefGroup = 914685C22C21C155003755C2 /* Products */;
			projectDirPath = "";
			projectRoot = "";
			targets = (
				914685C02C21C155003755C2 /* Online-Groceries */,
				914685D02C21C157003755C2 /* Online-GroceriesTests */,
				914685DA2C21C158003755C2 /* Online-GroceriesUITests */,
			);
		};
/* End PBXProject section */

/* Begin PBXResourcesBuildPhase section */
		914685BF2C21C155003755C2 /* Resources */ = {
			isa = PBXResourcesBuildPhase;
			buildActionMask = 2147483647;
			files = (
				914685F42C21C402003755C2 /* Gilroy-Regular.ttf in Resources */,
				914685F62C21C440003755C2 /* Gilroy-Medium.ttf in Resources */,
				914685CC2C21C157003755C2 /* Preview Assets.xcassets in Resources */,
				914685F22C21C402003755C2 /* Gilroy-SemiBold.ttf in Resources */,
				9160D5142C66A2C20003DF3F /* Assets.xcassets in Resources */,
				914685F32C21C402003755C2 /* Gilroy-Bold.ttf in Resources */,
				914686002C21CAF3003755C2 /* Launch Screen.storyboard in Resources */,
			);
			runOnlyForDeploymentPostprocessing = 0;
		};
		914685CF2C21C157003755C2 /* Resources */ = {
			isa = PBXResourcesBuildPhase;
			buildActionMask = 2147483647;
			files = (
			);
			runOnlyForDeploymentPostprocessing = 0;
		};
		914685D92C21C158003755C2 /* Resources */ = {
			isa = PBXResourcesBuildPhase;
			buildActionMask = 2147483647;
			files = (
			);
			runOnlyForDeploymentPostprocessing = 0;
		};
/* End PBXResourcesBuildPhase section */

/* Begin PBXSourcesBuildPhase section */
		914685BD2C21C155003755C2 /* Sources */ = {
			isa = PBXSourcesBuildPhase;
			buildActionMask = 2147483647;
			files = (
				914685C52C21C155003755C2 /* Online_GroceriesApp.swift in Sources */,
				91DD964F2C5FF0ED005528F5 /* ExploreItemView.swift in Sources */,
				9174FD442C63FA5F004B0011 /* UserNameModel.swift in Sources */,
				9160D5282C6AB24F0003DF3F /* MyOrderView.swift in Sources */,
				91F366812C6ABA2800D6E521 /* MyOrderRowView.swift in Sources */,
				9160D5102C66876E0003DF3F /* PromoCodeView.swift in Sources */,
				91DD96552C601FA4005528F5 /* AddressModel.swift in Sources */,
				91F3668B2C6BD79000D6E521 /* OrderDetailRowView.swift in Sources */,
				91519A492C59213000F8227B /* ImageModel.swift in Sources */,
				9160D51A2C66B3910003DF3F /* PaymentRowView.swift in Sources */,
				914686132C22D493003755C2 /* LineTextField.swift in Sources */,
				91519A4B2C5A8F8600F8227B /* TermsofServiceView.swift in Sources */,
				91F366932C73B8DF00D6E521 /* NotificationRowView.swift in Sources */,
				91519A562C5D2DBF00F8227B /* AccountView.swift in Sources */,
				91DD96512C60182F005528F5 /* CartViewModel.swift in Sources */,
				9146860F2C22BF7F003755C2 /* LoginView.swift in Sources */,
				91519A452C591EE400F8227B /* ProductDetailViewModel.swift in Sources */,
				9160D5242C6AB0FE0003DF3F /* MyOrderModel.swift in Sources */,
				91519A252C4FF9F700F8227B /* HomeViewModel.swift in Sources */,
				91519A1C2C4EA66800F8227B /* UIExtensions.swift in Sources */,
				91F366912C73B6EF00D6E521 /* NotificationView.swift in Sources */,
				910A2D6A2C79583900C3EACA /* MyDetailsView.swift in Sources */,
				91DD96572C602033005528F5 /* PaymentModel.swift in Sources */,
				91DD965B2C60255B005528F5 /* DebitCardView.swift in Sources */,
				91519A282C4FFB2700F8227B /* HomeView.swift in Sources */,
				91DD96592C602152005528F5 /* PromoCodeModel.swift in Sources */,
				914686172C22FCF8003755C2 /* Globs.swift in Sources */,
				91519A3D2C517ADF00F8227B /* TypeModel.swift in Sources */,
				910A2D682C7956DD00C3EACA /* MyDetailsViewModel.swift in Sources */,
				9174FD4A2C6415F7004B0011 /* DeliveryAddressView.swift in Sources */,
				91519A352C51320400F8227B /* SectionTitleView.swift in Sources */,
				914686022C21CCD6003755C2 /* UIExtension.swift in Sources */,
				9160D50C2C65609E0003DF3F /* SheetView.swift in Sources */,
				914686062C22A41E003755C2 /* SigninView.swift in Sources */,
				91519A392C5155BC00F8227B /* CategoryCellView.swift in Sources */,
				914685FE2C21CAC6003755C2 /* WelcomeView.swift in Sources */,
				9160D5162C66B33E0003DF3F /* PaymentViewModel.swift in Sources */,
				910A2D6C2C795AF700C3EACA /* ChangePasswordView.swift in Sources */,
				9174FD422C63F359004B0011 /* AccountRowView.swift in Sources */,
				91519A372C5137AD00F8227B /* ProductCellView.swift in Sources */,
				910A2D6E2C7D0DF000C3EACA /* ForgotPasswordViewModel.swift in Sources */,
				9160D5122C6687850003DF3F /* PromocodeCellView.swift in Sources */,
				91519A2B2C4FFBC000F8227B /* ExploreView.swift in Sources */,
				9174FD462C63FAEB004B0011 /* UserNameViewModel.swift in Sources */,
				9160D5182C66B37D0003DF3F /* PaymentView.swift in Sources */,
				91519A202C4FD2F400F8227B /* UserModel.swift in Sources */,
				91519A332C510A0A00F8227B /* ImageSliderViews.swift in Sources */,
				91F3668D2C73B47E00D6E521 /* NotificationViewModel.swift in Sources */,
				91519A2D2C50E73F00F8227B /* TabButton.swift in Sources */,
				9160D5262C6AB1A90003DF3F /* MyOrderViewModel.swift in Sources */,
				9146860B2C22B70C003755C2 /* CountryPicker.swift in Sources */,
				91519A4F2C5AB02200F8227B /* MonthYearView.swift in Sources */,
				91519A662C5ED2C900F8227B /* ExploreCategoryCellView.swift in Sources */,
				914686152C22EE8C003755C2 /* ServiceCall.swift in Sources */,
				91519A3B2C51648E00F8227B /* ProductModel.swift in Sources */,
				91519A602C5E813D00F8227B /* MarqueeTextView.swift in Sources */,
				9160D51C2C66B58E0003DF3F /* AddPaymentView.swift in Sources */,
				91F3668F2C73B58400D6E521 /* NotificationModel.swift in Sources */,
				91DD96532C601930005528F5 /* CartItemModel.swift in Sources */,
				9160D50E2C6685B70003DF3F /* PromocodeViewModel.swift in Sources */,
				91519A5A2C5E6CB200F8227B /* FavouriteViewModel.swift in Sources */,
				91519A2F2C50F5FD00F8227B /* SearchTextField.swift in Sources */,
				91519A522C5D2D9A00F8227B /* MyCartView.swift in Sources */,
				9174FD4E2C641F34004B0011 /* AddressRowView.swift in Sources */,
				9174FD4C2C641839004B0011 /* DeliveryAddressViewModel.swift in Sources */,
				910A2D722C7D0FC600C3EACA /* ForgotPasswordSetView.swift in Sources */,
				91F366872C6AC33300D6E521 /* MyOrderDetailView.swift in Sources */,
				914686042C21D752003755C2 /* RoundedButton.swift in Sources */,
				910A2D702C7D0F2000C3EACA /* ForgotPasswordView.swift in Sources */,
				91519A1E2C4EAF2A00F8227B /* SignupView.swift in Sources */,
				91519A4D2C5A8FAA00F8227B /* PrivacyPolicyView.swift in Sources */,
				9174FD502C64383E004B0011 /* AddDeliveryAddressView.swift in Sources */,
				91DD964D2C5FEE23005528F5 /* ExploreItemViewModel.swift in Sources */,
				910A2D7A2C7D871F00C3EACA /* WriteReviewView.swift in Sources */,
				914686112C22D349003755C2 /* MainViewModel.swift in Sources */,
				91519A232C4FE6AC00F8227B /* MainTabView.swift in Sources */,
				91F366852C6AC12100D6E521 /* OrderItemModel.swift in Sources */,
				91DD965D2C611D70005528F5 /* CartItemRowView.swift in Sources */,
				91F366832C6AC0E300D6E521 /* MyOrderDetailViewModel.swift in Sources */,
				91519A642C5ECF2200F8227B /* ExploreModel.swift in Sources */,
				9174FD522C6512D8004B0011 /* StepProgressBar.swift in Sources */,
				910A2D782C7D38D500C3EACA /* OTPScreenView.swift in Sources */,
				9160D51E2C69026F0003DF3F /* CheckOutView.swift in Sources */,
				91519A432C591DD700F8227B /* ProductDetailView.swift in Sources */,
				91519A622C5ECDF900F8227B /* ExploreViewModel.swift in Sources */,
				91519A582C5D2DD000F8227B /* FavouriteView.swift in Sources */,
				910A2D742C7D0FDE00C3EACA /* OTPView.swift in Sources */,
				91519A472C59201D00F8227B /* NutritionModel.swift in Sources */,
				91519A5C2C5E704400F8227B /* FavouriteRowView.swift in Sources */,
				91F366972C74238000D6E521 /* ProductEnum.swift in Sources */,
				91F366892C6AC4B300D6E521 /* OrderItemRowView.swift in Sources */,
			);
			runOnlyForDeploymentPostprocessing = 0;
		};
		914685CD2C21C157003755C2 /* Sources */ = {
			isa = PBXSourcesBuildPhase;
			buildActionMask = 2147483647;
			files = (
				914685D62C21C157003755C2 /* Online_GroceriesTests.swift in Sources */,
			);
			runOnlyForDeploymentPostprocessing = 0;
		};
		914685D72C21C158003755C2 /* Sources */ = {
			isa = PBXSourcesBuildPhase;
			buildActionMask = 2147483647;
			files = (
				914685E02C21C158003755C2 /* Online_GroceriesUITests.swift in Sources */,
				914685E22C21C158003755C2 /* Online_GroceriesUITestsLaunchTests.swift in Sources */,
			);
			runOnlyForDeploymentPostprocessing = 0;
		};
/* End PBXSourcesBuildPhase section */

/* Begin PBXTargetDependency section */
		914685D32C21C157003755C2 /* PBXTargetDependency */ = {
			isa = PBXTargetDependency;
			target = 914685C02C21C155003755C2 /* Online-Groceries */;
			targetProxy = 914685D22C21C157003755C2 /* PBXContainerItemProxy */;
		};
		914685DD2C21C158003755C2 /* PBXTargetDependency */ = {
			isa = PBXTargetDependency;
			target = 914685C02C21C155003755C2 /* Online-Groceries */;
			targetProxy = 914685DC2C21C158003755C2 /* PBXContainerItemProxy */;
		};
/* End PBXTargetDependency section */

/* Begin XCBuildConfiguration section */
		914685E32C21C158003755C2 /* Debug */ = {
			isa = XCBuildConfiguration;
			buildSettings = {
				ALWAYS_SEARCH_USER_PATHS = NO;
				ASSETCATALOG_COMPILER_GENERATE_SWIFT_ASSET_SYMBOL_EXTENSIONS = YES;
				CLANG_ANALYZER_NONNULL = YES;
				CLANG_ANALYZER_NUMBER_OBJECT_CONVERSION = YES_AGGRESSIVE;
				CLANG_CXX_LANGUAGE_STANDARD = "gnu++20";
				CLANG_ENABLE_MODULES = YES;
				CLANG_ENABLE_OBJC_ARC = YES;
				CLANG_ENABLE_OBJC_WEAK = YES;
				CLANG_WARN_BLOCK_CAPTURE_AUTORELEASING = YES;
				CLANG_WARN_BOOL_CONVERSION = YES;
				CLANG_WARN_COMMA = YES;
				CLANG_WARN_CONSTANT_CONVERSION = YES;
				CLANG_WARN_DEPRECATED_OBJC_IMPLEMENTATIONS = YES;
				CLANG_WARN_DIRECT_OBJC_ISA_USAGE = YES_ERROR;
				CLANG_WARN_DOCUMENTATION_COMMENTS = YES;
				CLANG_WARN_EMPTY_BODY = YES;
				CLANG_WARN_ENUM_CONVERSION = YES;
				CLANG_WARN_INFINITE_RECURSION = YES;
				CLANG_WARN_INT_CONVERSION = YES;
				CLANG_WARN_NON_LITERAL_NULL_CONVERSION = YES;
				CLANG_WARN_OBJC_IMPLICIT_RETAIN_SELF = YES;
				CLANG_WARN_OBJC_LITERAL_CONVERSION = YES;
				CLANG_WARN_OBJC_ROOT_CLASS = YES_ERROR;
				CLANG_WARN_QUOTED_INCLUDE_IN_FRAMEWORK_HEADER = YES;
				CLANG_WARN_RANGE_LOOP_ANALYSIS = YES;
				CLANG_WARN_STRICT_PROTOTYPES = YES;
				CLANG_WARN_SUSPICIOUS_MOVE = YES;
				CLANG_WARN_UNGUARDED_AVAILABILITY = YES_AGGRESSIVE;
				CLANG_WARN_UNREACHABLE_CODE = YES;
				CLANG_WARN__DUPLICATE_METHOD_MATCH = YES;
				COPY_PHASE_STRIP = NO;
				DEBUG_INFORMATION_FORMAT = dwarf;
				ENABLE_STRICT_OBJC_MSGSEND = YES;
				ENABLE_TESTABILITY = YES;
				ENABLE_USER_SCRIPT_SANDBOXING = YES;
				GCC_C_LANGUAGE_STANDARD = gnu17;
				GCC_DYNAMIC_NO_PIC = NO;
				GCC_NO_COMMON_BLOCKS = YES;
				GCC_OPTIMIZATION_LEVEL = 0;
				GCC_PREPROCESSOR_DEFINITIONS = (
					"DEBUG=1",
					"$(inherited)",
				);
				GCC_WARN_64_TO_32_BIT_CONVERSION = YES;
				GCC_WARN_ABOUT_RETURN_TYPE = YES_ERROR;
				GCC_WARN_UNDECLARED_SELECTOR = YES;
				GCC_WARN_UNINITIALIZED_AUTOS = YES_AGGRESSIVE;
				GCC_WARN_UNUSED_FUNCTION = YES;
				GCC_WARN_UNUSED_VARIABLE = YES;
				IPHONEOS_DEPLOYMENT_TARGET = 17.5;
				LOCALIZATION_PREFERS_STRING_CATALOGS = YES;
				MTL_ENABLE_DEBUG_INFO = INCLUDE_SOURCE;
				MTL_FAST_MATH = YES;
				ONLY_ACTIVE_ARCH = YES;
				SDKROOT = iphoneos;
				SWIFT_ACTIVE_COMPILATION_CONDITIONS = "DEBUG $(inherited)";
				SWIFT_OPTIMIZATION_LEVEL = "-Onone";
			};
			name = Debug;
		};
		914685E42C21C158003755C2 /* Release */ = {
			isa = XCBuildConfiguration;
			buildSettings = {
				ALWAYS_SEARCH_USER_PATHS = NO;
				ASSETCATALOG_COMPILER_GENERATE_SWIFT_ASSET_SYMBOL_EXTENSIONS = YES;
				CLANG_ANALYZER_NONNULL = YES;
				CLANG_ANALYZER_NUMBER_OBJECT_CONVERSION = YES_AGGRESSIVE;
				CLANG_CXX_LANGUAGE_STANDARD = "gnu++20";
				CLANG_ENABLE_MODULES = YES;
				CLANG_ENABLE_OBJC_ARC = YES;
				CLANG_ENABLE_OBJC_WEAK = YES;
				CLANG_WARN_BLOCK_CAPTURE_AUTORELEASING = YES;
				CLANG_WARN_BOOL_CONVERSION = YES;
				CLANG_WARN_COMMA = YES;
				CLANG_WARN_CONSTANT_CONVERSION = YES;
				CLANG_WARN_DEPRECATED_OBJC_IMPLEMENTATIONS = YES;
				CLANG_WARN_DIRECT_OBJC_ISA_USAGE = YES_ERROR;
				CLANG_WARN_DOCUMENTATION_COMMENTS = YES;
				CLANG_WARN_EMPTY_BODY = YES;
				CLANG_WARN_ENUM_CONVERSION = YES;
				CLANG_WARN_INFINITE_RECURSION = YES;
				CLANG_WARN_INT_CONVERSION = YES;
				CLANG_WARN_NON_LITERAL_NULL_CONVERSION = YES;
				CLANG_WARN_OBJC_IMPLICIT_RETAIN_SELF = YES;
				CLANG_WARN_OBJC_LITERAL_CONVERSION = YES;
				CLANG_WARN_OBJC_ROOT_CLASS = YES_ERROR;
				CLANG_WARN_QUOTED_INCLUDE_IN_FRAMEWORK_HEADER = YES;
				CLANG_WARN_RANGE_LOOP_ANALYSIS = YES;
				CLANG_WARN_STRICT_PROTOTYPES = YES;
				CLANG_WARN_SUSPICIOUS_MOVE = YES;
				CLANG_WARN_UNGUARDED_AVAILABILITY = YES_AGGRESSIVE;
				CLANG_WARN_UNREACHABLE_CODE = YES;
				CLANG_WARN__DUPLICATE_METHOD_MATCH = YES;
				COPY_PHASE_STRIP = NO;
				DEBUG_INFORMATION_FORMAT = "dwarf-with-dsym";
				ENABLE_NS_ASSERTIONS = NO;
				ENABLE_STRICT_OBJC_MSGSEND = YES;
				ENABLE_USER_SCRIPT_SANDBOXING = YES;
				GCC_C_LANGUAGE_STANDARD = gnu17;
				GCC_NO_COMMON_BLOCKS = YES;
				GCC_WARN_64_TO_32_BIT_CONVERSION = YES;
				GCC_WARN_ABOUT_RETURN_TYPE = YES_ERROR;
				GCC_WARN_UNDECLARED_SELECTOR = YES;
				GCC_WARN_UNINITIALIZED_AUTOS = YES_AGGRESSIVE;
				GCC_WARN_UNUSED_FUNCTION = YES;
				GCC_WARN_UNUSED_VARIABLE = YES;
				IPHONEOS_DEPLOYMENT_TARGET = 17.5;
				LOCALIZATION_PREFERS_STRING_CATALOGS = YES;
				MTL_ENABLE_DEBUG_INFO = NO;
				MTL_FAST_MATH = YES;
				SDKROOT = iphoneos;
				SWIFT_COMPILATION_MODE = wholemodule;
				VALIDATE_PRODUCT = YES;
			};
			name = Release;
		};
		914685E62C21C158003755C2 /* Debug */ = {
			isa = XCBuildConfiguration;
			buildSettings = {
				ASSETCATALOG_COMPILER_APPICON_NAME = AppIcon;
				ASSETCATALOG_COMPILER_GLOBAL_ACCENT_COLOR_NAME = AccentColor;
				CODE_SIGN_STYLE = Automatic;
				CURRENT_PROJECT_VERSION = 1;
				DEVELOPMENT_ASSET_PATHS = "\"Online-Groceries/Preview Content\"";
				DEVELOPMENT_TEAM = R436SKTK44;
				ENABLE_PREVIEWS = YES;
				GENERATE_INFOPLIST_FILE = YES;
				INFOPLIST_FILE = "Online-Groceries/Info.plist";
				INFOPLIST_KEY_NSPhotoLibraryUsageDescription = For_Profile_Image;
				INFOPLIST_KEY_UIApplicationSceneManifest_Generation = YES;
				INFOPLIST_KEY_UIApplicationSupportsIndirectInputEvents = YES;
				INFOPLIST_KEY_UILaunchScreen_Generation = YES;
				INFOPLIST_KEY_UILaunchStoryboardName = "Launch Screen.storyboard";
				INFOPLIST_KEY_UIRequiresFullScreen = NO;
				INFOPLIST_KEY_UIStatusBarHidden = YES;
				INFOPLIST_KEY_UISupportedInterfaceOrientations = UIInterfaceOrientationPortrait;
				IPHONEOS_DEPLOYMENT_TARGET = 15.0;
				LD_RUNPATH_SEARCH_PATHS = (
					"$(inherited)",
					"@executable_path/Frameworks",
				);
				MARKETING_VERSION = 1.0;
				PRODUCT_BUNDLE_IDENTIFIER = "com.subham.Online-Groceries";
				PRODUCT_NAME = "$(TARGET_NAME)";
				SUPPORTED_PLATFORMS = "iphoneos iphonesimulator";
				SUPPORTS_MACCATALYST = NO;
				SUPPORTS_MAC_DESIGNED_FOR_IPHONE_IPAD = NO;
				SUPPORTS_XR_DESIGNED_FOR_IPHONE_IPAD = NO;
				SWIFT_EMIT_LOC_STRINGS = YES;
				SWIFT_VERSION = 5.0;
				TARGETED_DEVICE_FAMILY = "1,2";
			};
			name = Debug;
		};
		914685E72C21C158003755C2 /* Release */ = {
			isa = XCBuildConfiguration;
			buildSettings = {
				ASSETCATALOG_COMPILER_APPICON_NAME = AppIcon;
				ASSETCATALOG_COMPILER_GLOBAL_ACCENT_COLOR_NAME = AccentColor;
				CODE_SIGN_STYLE = Automatic;
				CURRENT_PROJECT_VERSION = 1;
				DEVELOPMENT_ASSET_PATHS = "\"Online-Groceries/Preview Content\"";
				DEVELOPMENT_TEAM = R436SKTK44;
				ENABLE_PREVIEWS = YES;
				GENERATE_INFOPLIST_FILE = YES;
				INFOPLIST_FILE = "Online-Groceries/Info.plist";
				INFOPLIST_KEY_NSPhotoLibraryUsageDescription = For_Profile_Image;
				INFOPLIST_KEY_UIApplicationSceneManifest_Generation = YES;
				INFOPLIST_KEY_UIApplicationSupportsIndirectInputEvents = YES;
				INFOPLIST_KEY_UILaunchScreen_Generation = YES;
				INFOPLIST_KEY_UILaunchStoryboardName = "Launch Screen.storyboard";
				INFOPLIST_KEY_UIRequiresFullScreen = NO;
				INFOPLIST_KEY_UIStatusBarHidden = YES;
				INFOPLIST_KEY_UISupportedInterfaceOrientations = UIInterfaceOrientationPortrait;
				IPHONEOS_DEPLOYMENT_TARGET = 15.0;
				LD_RUNPATH_SEARCH_PATHS = (
					"$(inherited)",
					"@executable_path/Frameworks",
				);
				MARKETING_VERSION = 1.0;
				PRODUCT_BUNDLE_IDENTIFIER = "com.subham.Online-Groceries";
				PRODUCT_NAME = "$(TARGET_NAME)";
				SUPPORTED_PLATFORMS = "iphoneos iphonesimulator";
				SUPPORTS_MACCATALYST = NO;
				SUPPORTS_MAC_DESIGNED_FOR_IPHONE_IPAD = NO;
				SUPPORTS_XR_DESIGNED_FOR_IPHONE_IPAD = NO;
				SWIFT_EMIT_LOC_STRINGS = YES;
				SWIFT_VERSION = 5.0;
				TARGETED_DEVICE_FAMILY = "1,2";
			};
			name = Release;
		};
		914685E92C21C158003755C2 /* Debug */ = {
			isa = XCBuildConfiguration;
			buildSettings = {
				ALWAYS_EMBED_SWIFT_STANDARD_LIBRARIES = YES;
				BUNDLE_LOADER = "$(TEST_HOST)";
				CODE_SIGN_STYLE = Automatic;
				CURRENT_PROJECT_VERSION = 1;
				DEVELOPMENT_TEAM = R436SKTK44;
				GENERATE_INFOPLIST_FILE = YES;
				IPHONEOS_DEPLOYMENT_TARGET = 17.5;
				MARKETING_VERSION = 1.0;
				PRODUCT_BUNDLE_IDENTIFIER = "com.subham.Online-GroceriesTests";
				PRODUCT_NAME = "$(TARGET_NAME)";
				SWIFT_EMIT_LOC_STRINGS = NO;
				SWIFT_VERSION = 5.0;
				TARGETED_DEVICE_FAMILY = "1,2";
				TEST_HOST = "$(BUILT_PRODUCTS_DIR)/Online-Groceries.app/$(BUNDLE_EXECUTABLE_FOLDER_PATH)/Online-Groceries";
			};
			name = Debug;
		};
		914685EA2C21C158003755C2 /* Release */ = {
			isa = XCBuildConfiguration;
			buildSettings = {
				ALWAYS_EMBED_SWIFT_STANDARD_LIBRARIES = YES;
				BUNDLE_LOADER = "$(TEST_HOST)";
				CODE_SIGN_STYLE = Automatic;
				CURRENT_PROJECT_VERSION = 1;
				DEVELOPMENT_TEAM = R436SKTK44;
				GENERATE_INFOPLIST_FILE = YES;
				IPHONEOS_DEPLOYMENT_TARGET = 17.5;
				MARKETING_VERSION = 1.0;
				PRODUCT_BUNDLE_IDENTIFIER = "com.subham.Online-GroceriesTests";
				PRODUCT_NAME = "$(TARGET_NAME)";
				SWIFT_EMIT_LOC_STRINGS = NO;
				SWIFT_VERSION = 5.0;
				TARGETED_DEVICE_FAMILY = "1,2";
				TEST_HOST = "$(BUILT_PRODUCTS_DIR)/Online-Groceries.app/$(BUNDLE_EXECUTABLE_FOLDER_PATH)/Online-Groceries";
			};
			name = Release;
		};
		914685EC2C21C158003755C2 /* Debug */ = {
			isa = XCBuildConfiguration;
			buildSettings = {
				ALWAYS_EMBED_SWIFT_STANDARD_LIBRARIES = YES;
				CODE_SIGN_STYLE = Automatic;
				CURRENT_PROJECT_VERSION = 1;
				DEVELOPMENT_TEAM = R436SKTK44;
				GENERATE_INFOPLIST_FILE = YES;
				MARKETING_VERSION = 1.0;
				PRODUCT_BUNDLE_IDENTIFIER = "com.subham.Online-GroceriesUITests";
				PRODUCT_NAME = "$(TARGET_NAME)";
				SWIFT_EMIT_LOC_STRINGS = NO;
				SWIFT_VERSION = 5.0;
				TARGETED_DEVICE_FAMILY = "1,2";
				TEST_TARGET_NAME = "Online-Groceries";
			};
			name = Debug;
		};
		914685ED2C21C158003755C2 /* Release */ = {
			isa = XCBuildConfiguration;
			buildSettings = {
				ALWAYS_EMBED_SWIFT_STANDARD_LIBRARIES = YES;
				CODE_SIGN_STYLE = Automatic;
				CURRENT_PROJECT_VERSION = 1;
				DEVELOPMENT_TEAM = R436SKTK44;
				GENERATE_INFOPLIST_FILE = YES;
				MARKETING_VERSION = 1.0;
				PRODUCT_BUNDLE_IDENTIFIER = "com.subham.Online-GroceriesUITests";
				PRODUCT_NAME = "$(TARGET_NAME)";
				SWIFT_EMIT_LOC_STRINGS = NO;
				SWIFT_VERSION = 5.0;
				TARGETED_DEVICE_FAMILY = "1,2";
				TEST_TARGET_NAME = "Online-Groceries";
			};
			name = Release;
		};
/* End XCBuildConfiguration section */

/* Begin XCConfigurationList section */
		914685BC2C21C155003755C2 /* Build configuration list for PBXProject "Online-Groceries" */ = {
			isa = XCConfigurationList;
			buildConfigurations = (
				914685E32C21C158003755C2 /* Debug */,
				914685E42C21C158003755C2 /* Release */,
			);
			defaultConfigurationIsVisible = 0;
			defaultConfigurationName = Release;
		};
		914685E52C21C158003755C2 /* Build configuration list for PBXNativeTarget "Online-Groceries" */ = {
			isa = XCConfigurationList;
			buildConfigurations = (
				914685E62C21C158003755C2 /* Debug */,
				914685E72C21C158003755C2 /* Release */,
			);
			defaultConfigurationIsVisible = 0;
			defaultConfigurationName = Release;
		};
		914685E82C21C158003755C2 /* Build configuration list for PBXNativeTarget "Online-GroceriesTests" */ = {
			isa = XCConfigurationList;
			buildConfigurations = (
				914685E92C21C158003755C2 /* Debug */,
				914685EA2C21C158003755C2 /* Release */,
			);
			defaultConfigurationIsVisible = 0;
			defaultConfigurationName = Release;
		};
		914685EB2C21C158003755C2 /* Build configuration list for PBXNativeTarget "Online-GroceriesUITests" */ = {
			isa = XCConfigurationList;
			buildConfigurations = (
				914685EC2C21C158003755C2 /* Debug */,
				914685ED2C21C158003755C2 /* Release */,
			);
			defaultConfigurationIsVisible = 0;
			defaultConfigurationName = Release;
		};
/* End XCConfigurationList section */

/* Begin XCRemoteSwiftPackageReference section */
		914686072C22B6E1003755C2 /* XCRemoteSwiftPackageReference "CountryPicker" */ = {
			isa = XCRemoteSwiftPackageReference;
			repositoryURL = "https://github.com/mobven/CountryPicker.git";
			requirement = {
				kind = upToNextMajorVersion;
				minimumVersion = 2.0.3;
			};
		};
		91519A3F2C51898800F8227B /* XCRemoteSwiftPackageReference "SDWebImageSwiftUI" */ = {
			isa = XCRemoteSwiftPackageReference;
			repositoryURL = "https://github.com/SDWebImage/SDWebImageSwiftUI.git";
			requirement = {
				kind = upToNextMajorVersion;
				minimumVersion = 3.1.1;
			};
		};
/* End XCRemoteSwiftPackageReference section */

/* Begin XCSwiftPackageProductDependency section */
		914686082C22B6E2003755C2 /* CountryPicker */ = {
			isa = XCSwiftPackageProductDependency;
			package = 914686072C22B6E1003755C2 /* XCRemoteSwiftPackageReference "CountryPicker" */;
			productName = CountryPicker;
		};
		91519A402C51898900F8227B /* SDWebImageSwiftUI */ = {
			isa = XCSwiftPackageProductDependency;
			package = 91519A3F2C51898800F8227B /* XCRemoteSwiftPackageReference "SDWebImageSwiftUI" */;
			productName = SDWebImageSwiftUI;
		};
/* End XCSwiftPackageProductDependency section */
	};
	rootObject = 914685B92C21C155003755C2 /* Project object */;
}
